
Microsoft Visual Studio Solution File, Format Version 12.00
# Visual Studio 14
VisualStudioVersion = 14.0.24720.0
MinimumVisualStudioVersion = 10.0.40219.1
Project("{FAE04EC0-301F-11D3-BF4B-00C04F79EFBC}") = "Task2", "Task2\Task2.csproj", "{728486B4-69F0-4B8F-8C18-5FCB4B6FFC42}"
EndProject
Project("{FAE04EC0-301F-11D3-BF4B-00C04F79EFBC}") = "Task2Tests", "Task2Tests\Task2Tests.csproj", "{A1D01098-95E1-4AD3-A27E-955AE556BFE0}"
EndProject
Project("{FAE04EC0-301F-11D3-BF4B-00C04F79EFBC}") = "Task3", "Task3\Task3.csproj", "{44F9E6AC-7DC2-43C7-9714-ED5DACBFFCF4}"
EndProject
Project("{FAE04EC0-301F-11D3-BF4B-00C04F79EFBC}") = "Task3Tests", "Task3Tests\Task3Tests.csproj", "{6C49C7DB-43FD-4D5F-8D7A-05BEA4E121EF}"
EndProject
Project("{FAE04EC0-301F-11D3-BF4B-00C04F79EFBC}") = "Task4", "Task4\Task4.csproj", "{054AA540-8C00-4E92-94A8-3EF48CF987D9}"
EndProject
Project("{FAE04EC0-301F-11D3-BF4B-00C04F79EFBC}") = "Task4Tests", "Task4Tests\Task4Tests.csproj", "{8DFD3222-3098-4A10-8ADF-AC281CBA04D2}"
EndProject
Global
	GlobalSection(SolutionConfigurationPlatforms) = preSolution
		Debug|Any CPU = Debug|Any CPU
		Release|Any CPU = Release|Any CPU
	EndGlobalSection
	GlobalSection(ProjectConfigurationPlatforms) = postSolution
		{728486B4-69F0-4B8F-8C18-5FCB4B6FFC42}.Debug|Any CPU.ActiveCfg = Debug|Any CPU
		{728486B4-69F0-4B8F-8C18-5FCB4B6FFC42}.Debug|Any CPU.Build.0 = Debug|Any CPU
		{728486B4-69F0-4B8F-8C18-5FCB4B6FFC42}.Release|Any CPU.ActiveCfg = Release|Any CPU
		{728486B4-69F0-4B8F-8C18-5FCB4B6FFC42}.Release|Any CPU.Build.0 = Release|Any CPU
		{A1D01098-95E1-4AD3-A27E-955AE556BFE0}.Debug|Any CPU.ActiveCfg = Debug|Any CPU
		{A1D01098-95E1-4AD3-A27E-955AE556BFE0}.Debug|Any CPU.Build.0 = Debug|Any CPU
		{A1D01098-95E1-4AD3-A27E-955AE556BFE0}.Release|Any CPU.ActiveCfg = Release|Any CPU
		{A1D01098-95E1-4AD3-A27E-955AE556BFE0}.Release|Any CPU.Build.0 = Release|Any CPU
		{44F9E6AC-7DC2-43C7-9714-ED5DACBFFCF4}.Debug|Any CPU.ActiveCfg = Debug|Any CPU
		{44F9E6AC-7DC2-43C7-9714-ED5DACBFFCF4}.Debug|Any CPU.Build.0 = Debug|Any CPU
		{44F9E6AC-7DC2-43C7-9714-ED5DACBFFCF4}.Release|Any CPU.ActiveCfg = Release|Any CPU
		{44F9E6AC-7DC2-43C7-9714-ED5DACBFFCF4}.Release|Any CPU.Build.0 = Release|Any CPU
		{6C49C7DB-43FD-4D5F-8D7A-05BEA4E121EF}.Debug|Any CPU.ActiveCfg = Debug|Any CPU
		{6C49C7DB-43FD-4D5F-8D7A-05BEA4E121EF}.Debug|Any CPU.Build.0 = Debug|Any CPU
		{6C49C7DB-43FD-4D5F-8D7A-05BEA4E121EF}.Release|Any CPU.ActiveCfg = Release|Any CPU
		{6C49C7DB-43FD-4D5F-8D7A-05BEA4E121EF}.Release|Any CPU.Build.0 = Release|Any CPU
		{054AA540-8C00-4E92-94A8-3EF48CF987D9}.Debug|Any CPU.ActiveCfg = Debug|Any CPU
		{054AA540-8C00-4E92-94A8-3EF48CF987D9}.Debug|Any CPU.Build.0 = Debug|Any CPU
		{054AA540-8C00-4E92-94A8-3EF48CF987D9}.Release|Any CPU.ActiveCfg = Release|Any CPU
		{054AA540-8C00-4E92-94A8-3EF48CF987D9}.Release|Any CPU.Build.0 = Release|Any CPU
		{8DFD3222-3098-4A10-8ADF-AC281CBA04D2}.Debug|Any CPU.ActiveCfg = Debug|Any CPU
		{8DFD3222-3098-4A10-8ADF-AC281CBA04D2}.Debug|Any CPU.Build.0 = Debug|Any CPU
		{8DFD3222-3098-4A10-8ADF-AC281CBA04D2}.Release|Any CPU.ActiveCfg = Release|Any CPU
		{8DFD3222-3098-4A10-8ADF-AC281CBA04D2}.Release|Any CPU.Build.0 = Release|Any CPU
	EndGlobalSection
	GlobalSection(SolutionProperties) = preSolution
		HideSolutionNode = FALSE
	EndGlobalSection
EndGlobal
